
Microsoft Visual Studio Solution File, Format Version 12.00
# Visual Studio Version 17
VisualStudioVersion = 17.14.36908.2 d17.14
MinimumVisualStudioVersion = 10.0.40219.1
Project("{FAE04EC0-301F-11D3-BF4B-00C04F79EFBC}") = "UNO-Alve-AFH", "UNO-Alve-AFH\UNO-Alve-AFH.csproj", "{7ECE811B-FA02-433A-83E5-281ED2C8D9AD}"
EndProject
Global
	GlobalSection(SolutionConfigurationPlatforms) = preSolution
		Debug|Any CPU = Debug|Any CPU
		Release|Any CPU = Release|Any CPU
	EndGlobalSection
	GlobalSection(ProjectConfigurationPlatforms) = postSolution
		{7ECE811B-FA02-433A-83E5-281ED2C8D9AD}.Debug|Any CPU.ActiveCfg = Debug|Any CPU
		{7ECE811B-FA02-433A-83E5-281ED2C8D9AD}.Debug|Any CPU.Build.0 = Debug|Any CPU
		{7ECE811B-FA02-433A-83E5-281ED2C8D9AD}.Release|Any CPU.ActiveCfg = Release|Any CPU
		{7ECE811B-FA02-433A-83E5-281ED2C8D9AD}.Release|Any CPU.Build.0 = Release|Any CPU
	EndGlobalSection
	GlobalSection(SolutionProperties) = preSolution
		HideSolutionNode = FALSE
	EndGlobalSection
	GlobalSection(ExtensibilityGlobals) = postSolution
		SolutionGuid = {2285C729-BC84-47FE-9B09-2D0106CAB978}
	EndGlobalSection
EndGlobal
